
Microsoft Visual Studio Solution File, Format Version 12.00
# Visual Studio Version 17
VisualStudioVersion = 17.14.36518.9
MinimumVisualStudioVersion = 10.0.40219.1
Project("{2150E333-8FDC-42A3-9474-1A3956D46DE8}") = "Task0", "Task0", "{02EA681E-C7D8-13C7-8484-4AC65E1B71E8}"
EndProject
Project("{FAE04EC0-301F-11D3-BF4B-00C04F79EFBC}") = "Tyuiu.BatTI.Sprint3.Task0.V12", "Tyuiu.BatTI.Sprint3.Task0.V12\Tyuiu.BatTI.Sprint3.Task0.V12.csproj", "{9733053D-B8CF-46E0-AE4E-5019E455EB97}"
EndProject
Project("{FAE04EC0-301F-11D3-BF4B-00C04F79EFBC}") = "Tyuiu.BatTI.Sprint3.Task0.V12.Lib", "Tyuiu.BatTI.Sprint3.Task0.V12.Lib\Tyuiu.BatTI.Sprint3.Task0.V12.Lib.csproj", "{5064EB51-1D01-4EDC-999F-548F94BBC3C5}"
EndProject
Project("{FAE04EC0-301F-11D3-BF4B-00C04F79EFBC}") = "Tyuiu.BatTI.Sprint3.Task0.V12.Test", "Tyuiu.BatTI.Sprint3.Task0.V12.Test\Tyuiu.BatTI.Sprint3.Task0.V12.Test.csproj", "{01D264CD-A66D-47FC-8A71-D673856D72BD}"
EndProject
Project("{2150E333-8FDC-42A3-9474-1A3956D46DE8}") = "Task1", "Task1", "{B34D554F-C0E0-4073-9E57-AE97C152DE0F}"
EndProject
Project("{FAE04EC0-301F-11D3-BF4B-00C04F79EFBC}") = "Tyuiu.BatTI.Sprint3.Task1.V29", "Tyuiu.BatTI.Sprint3.Task1.V29\Tyuiu.BatTI.Sprint3.Task1.V29.csproj", "{8A6BAB4D-2485-4A2D-A345-DE51BA5DEF00}"
EndProject
Project("{FAE04EC0-301F-11D3-BF4B-00C04F79EFBC}") = "Tyuiu.BatTI.Sprint3.Task1.V29.Lib", "Tyuiu.BatTI.Sprint3.Task1.V29.Lib\Tyuiu.BatTI.Sprint3.Task1.V29.Lib.csproj", "{C7EE0908-E3E7-4E09-A8BA-8A497E107FF3}"
EndProject
Project("{FAE04EC0-301F-11D3-BF4B-00C04F79EFBC}") = "Tyuiu.BatTI.Sprint3.Task1.V29.Test", "Tyuiu.BatTI.Sprint3.Task1.V29.Test\Tyuiu.BatTI.Sprint3.Task1.V29.Test.csproj", "{8B2B21F2-9873-4620-8E56-7B314F887C88}"
EndProject
Project("{2150E333-8FDC-42A3-9474-1A3956D46DE8}") = "Task2", "Task2", "{D58C74FD-D662-4A55-AD28-8BE4DF3F8828}"
EndProject
Project("{FAE04EC0-301F-11D3-BF4B-00C04F79EFBC}") = "Tyuiu.BatTI.Sprint3.Task2.V23", "Tyuiu.BatTI.Sprint3.Task2.V23\Tyuiu.BatTI.Sprint3.Task2.V23.csproj", "{25A0DD04-4372-4A3D-BEBF-2A220917EECE}"
EndProject
Project("{FAE04EC0-301F-11D3-BF4B-00C04F79EFBC}") = "Tyuiu.BatTI.Sprint3.Task2.V23.Lib", "Tyuiu.BatTI.Sprint3.Task2.V23.Lib\Tyuiu.BatTI.Sprint3.Task2.V23.Lib.csproj", "{B8107AEF-CF80-4439-AE4B-2429984D23B5}"
EndProject
Project("{FAE04EC0-301F-11D3-BF4B-00C04F79EFBC}") = "Tyuiu.BatTI.Sprint3.Task2.V23.Test", "Tyuiu.BatTI.Sprint3.Task2.V23.Test\Tyuiu.BatTI.Sprint3.Task2.V23.Test.csproj", "{6D462334-CD79-4E57-BD01-CFE7DD035956}"
EndProject
Project("{2150E333-8FDC-42A3-9474-1A3956D46DE8}") = "Task3", "Task3", "{EA4ED80A-9D56-4821-9605-7C1C947D3D2D}"
EndProject
Project("{FAE04EC0-301F-11D3-BF4B-00C04F79EFBC}") = "Tyuiu.BatTI.Sprint3.Task3.V30", "Tyuiu.BatTI.Sprint3.Task3.V30\Tyuiu.BatTI.Sprint3.Task3.V30.csproj", "{71DFFACD-9E87-4144-81B5-9D56DDFEF9B1}"
EndProject
Project("{FAE04EC0-301F-11D3-BF4B-00C04F79EFBC}") = "Tyuiu.BatTI.Sprint3.Task3.V30.Lib", "Tyuiu.BatTI.Sprint3.Task3.V30.Lib\Tyuiu.BatTI.Sprint3.Task3.V30.Lib.csproj", "{F7FF1474-7E94-406F-B78B-CE4753D1D702}"
EndProject
Project("{FAE04EC0-301F-11D3-BF4B-00C04F79EFBC}") = "Tyuiu.BatTI.Sprint3.Task3.V30.Test", "Tyuiu.BatTI.Sprint3.Task3.V30.Test\Tyuiu.BatTI.Sprint3.Task3.V30.Test.csproj", "{DC8C23EA-BF9D-49E8-AB93-FD3360F4B890}"
EndProject
Project("{2150E333-8FDC-42A3-9474-1A3956D46DE8}") = "Task4", "Task4", "{DE5E38DD-E420-4166-AAD8-B9222DB5B0E5}"
EndProject
Project("{FAE04EC0-301F-11D3-BF4B-00C04F79EFBC}") = "Tyuiu.BatTI.Sprint3.Task4.V19", "Tyuiu.BatTI.Sprint3.Task4.V19\Tyuiu.BatTI.Sprint3.Task4.V19.csproj", "{2359F3DD-EA02-495E-A0BA-A6F80ACDD8DF}"
EndProject
Project("{FAE04EC0-301F-11D3-BF4B-00C04F79EFBC}") = "Tyuiu.BatTI.Sprint3.Task4.V19.Lib", "Tyuiu.BatTI.Sprint3.Task4.V19.Lib\Tyuiu.BatTI.Sprint3.Task4.V19.Lib.csproj", "{B8558529-7047-4D1F-9C3B-C0F2B1196012}"
EndProject
Project("{FAE04EC0-301F-11D3-BF4B-00C04F79EFBC}") = "Tyuiu.BatTI.Sprint3.Task4.V19.Test", "Tyuiu.BatTI.Sprint3.Task4.V19.Test\Tyuiu.BatTI.Sprint3.Task4.V19.Test.csproj", "{10C156E5-8D9C-4D81-B69E-937F7A360ABE}"
EndProject
Project("{2150E333-8FDC-42A3-9474-1A3956D46DE8}") = "Task5", "Task5", "{F10B2B55-AD57-4F75-883E-F89EDD993CE0}"
EndProject
Project("{FAE04EC0-301F-11D3-BF4B-00C04F79EFBC}") = "Tyuiu.BatTI.Sprint3.Task5.V1", "Tyuiu.BatTI.Sprint3.Task5.V1\Tyuiu.BatTI.Sprint3.Task5.V1.csproj", "{D2144CEE-9172-44BD-A6CA-133083F9DBC8}"
EndProject
Project("{FAE04EC0-301F-11D3-BF4B-00C04F79EFBC}") = "Tyuiu.BatTI.Sprint3.Task5.V1.Lib", "Tyuiu.BatTI.Sprint3.Task5.V1.Lib\Tyuiu.BatTI.Sprint3.Task5.V1.Lib.csproj", "{4097A7EA-86AD-4F85-85CD-657DE2C7B220}"
EndProject
Project("{FAE04EC0-301F-11D3-BF4B-00C04F79EFBC}") = "Tyuiu.BatTI.Sprint3.Task5.V1.Test", "Tyuiu.BatTI.Sprint3.Task5.V1.Test\Tyuiu.BatTI.Sprint3.Task5.V1.Test.csproj", "{6BF485E2-DEB4-48F9-8E8D-E7EC260CF9BB}"
EndProject
Project("{2150E333-8FDC-42A3-9474-1A3956D46DE8}") = "Task6", "Task6", "{B25985A9-6299-43AC-B28E-5C793B1895B9}"
EndProject
Project("{FAE04EC0-301F-11D3-BF4B-00C04F79EFBC}") = "Tyuiu.BatTI.Sprint3.Task6.V21", "Tyuiu.BatTI.Sprint3.Task6.V21\Tyuiu.BatTI.Sprint3.Task6.V21.csproj", "{FBB7B61F-BDFE-4D1A-986D-41A85BA227C4}"
EndProject
Project("{FAE04EC0-301F-11D3-BF4B-00C04F79EFBC}") = "Tyuiu.BatTI.Sprint3.Task6.V21.Lib", "Tyuiu.BatTI.Sprint3.Task6.V21.Lib\Tyuiu.BatTI.Sprint3.Task6.V21.Lib.csproj", "{D97444B2-7204-44E5-B94C-917B988B9BD2}"
EndProject
Project("{FAE04EC0-301F-11D3-BF4B-00C04F79EFBC}") = "Tyuiu.BatTI.Sprint3.Task6.V21.Test", "Tyuiu.BatTI.Sprint3.Task6.V21.Test\Tyuiu.BatTI.Sprint3.Task6.V21.Test.csproj", "{4DC29D24-0CF5-4882-87B4-B64E9DC70326}"
EndProject
Project("{2150E333-8FDC-42A3-9474-1A3956D46DE8}") = "Task7", "Task7", "{237155B4-74AC-4057-BE6C-C2152DC98EC8}"
EndProject
Project("{FAE04EC0-301F-11D3-BF4B-00C04F79EFBC}") = "Tyuiu.BatTI.Sprint3.Task7.V26", "Tyuiu.BatTI.Sprint3.Task7.V26\Tyuiu.BatTI.Sprint3.Task7.V26.csproj", "{1370F2D6-49B9-4E33-AC69-22DF535A9B45}"
EndProject
Project("{FAE04EC0-301F-11D3-BF4B-00C04F79EFBC}") = "Tyuiu.BatTI.Sprint3.Task7.V26.Lib", "Tyuiu.BatTI.Sprint3.Task7.V26.Lib\Tyuiu.BatTI.Sprint3.Task7.V26.Lib.csproj", "{8E287BF3-614E-4278-A26B-854D4B7BECD3}"
EndProject
Project("{FAE04EC0-301F-11D3-BF4B-00C04F79EFBC}") = "Tyuiu.BatTI.Sprint3.Task7.V26.Test", "Tyuiu.BatTI.Sprint3.Task7.V26.Test\Tyuiu.BatTI.Sprint3.Task7.V26.Test.csproj", "{2F4414F4-76A8-40F9-9EFD-F94245AE48B6}"
EndProject
Global
	GlobalSection(SolutionConfigurationPlatforms) = preSolution
		Debug|Any CPU = Debug|Any CPU
		Release|Any CPU = Release|Any CPU
	EndGlobalSection
	GlobalSection(ProjectConfigurationPlatforms) = postSolution
		{9733053D-B8CF-46E0-AE4E-5019E455EB97}.Debug|Any CPU.ActiveCfg = Debug|Any CPU
		{9733053D-B8CF-46E0-AE4E-5019E455EB97}.Debug|Any CPU.Build.0 = Debug|Any CPU
		{9733053D-B8CF-46E0-AE4E-5019E455EB97}.Release|Any CPU.ActiveCfg = Release|Any CPU
		{9733053D-B8CF-46E0-AE4E-5019E455EB97}.Release|Any CPU.Build.0 = Release|Any CPU
		{5064EB51-1D01-4EDC-999F-548F94BBC3C5}.Debug|Any CPU.ActiveCfg = Debug|Any CPU
		{5064EB51-1D01-4EDC-999F-548F94BBC3C5}.Debug|Any CPU.Build.0 = Debug|Any CPU
		{5064EB51-1D01-4EDC-999F-548F94BBC3C5}.Release|Any CPU.ActiveCfg = Release|Any CPU
		{5064EB51-1D01-4EDC-999F-548F94BBC3C5}.Release|Any CPU.Build.0 = Release|Any CPU
		{01D264CD-A66D-47FC-8A71-D673856D72BD}.Debug|Any CPU.ActiveCfg = Debug|Any CPU
		{01D264CD-A66D-47FC-8A71-D673856D72BD}.Debug|Any CPU.Build.0 = Debug|Any CPU
		{01D264CD-A66D-47FC-8A71-D673856D72BD}.Release|Any CPU.ActiveCfg = Release|Any CPU
		{01D264CD-A66D-47FC-8A71-D673856D72BD}.Release|Any CPU.Build.0 = Release|Any CPU
		{8A6BAB4D-2485-4A2D-A345-DE51BA5DEF00}.Debug|Any CPU.ActiveCfg = Debug|Any CPU
		{8A6BAB4D-2485-4A2D-A345-DE51BA5DEF00}.Debug|Any CPU.Build.0 = Debug|Any CPU
		{8A6BAB4D-2485-4A2D-A345-DE51BA5DEF00}.Release|Any CPU.ActiveCfg = Release|Any CPU
		{8A6BAB4D-2485-4A2D-A345-DE51BA5DEF00}.Release|Any CPU.Build.0 = Release|Any CPU
		{C7EE0908-E3E7-4E09-A8BA-8A497E107FF3}.Debug|Any CPU.ActiveCfg = Debug|Any CPU
		{C7EE0908-E3E7-4E09-A8BA-8A497E107FF3}.Debug|Any CPU.Build.0 = Debug|Any CPU
		{C7EE0908-E3E7-4E09-A8BA-8A497E107FF3}.Release|Any CPU.ActiveCfg = Release|Any CPU
		{C7EE0908-E3E7-4E09-A8BA-8A497E107FF3}.Release|Any CPU.Build.0 = Release|Any CPU
		{8B2B21F2-9873-4620-8E56-7B314F887C88}.Debug|Any CPU.ActiveCfg = Debug|Any CPU
		{8B2B21F2-9873-4620-8E56-7B314F887C88}.Debug|Any CPU.Build.0 = Debug|Any CPU
		{8B2B21F2-9873-4620-8E56-7B314F887C88}.Release|Any CPU.ActiveCfg = Release|Any CPU
		{8B2B21F2-9873-4620-8E56-7B314F887C88}.Release|Any CPU.Build.0 = Release|Any CPU
		{25A0DD04-4372-4A3D-BEBF-2A220917EECE}.Debug|Any CPU.ActiveCfg = Debug|Any CPU
		{25A0DD04-4372-4A3D-BEBF-2A220917EECE}.Debug|Any CPU.Build.0 = Debug|Any CPU
		{25A0DD04-4372-4A3D-BEBF-2A220917EECE}.Release|Any CPU.ActiveCfg = Release|Any CPU
		{25A0DD04-4372-4A3D-BEBF-2A220917EECE}.Release|Any CPU.Build.0 = Release|Any CPU
		{B8107AEF-CF80-4439-AE4B-2429984D23B5}.Debug|Any CPU.ActiveCfg = Debug|Any CPU
		{B8107AEF-CF80-4439-AE4B-2429984D23B5}.Debug|Any CPU.Build.0 = Debug|Any CPU
		{B8107AEF-CF80-4439-AE4B-2429984D23B5}.Release|Any CPU.ActiveCfg = Release|Any CPU
		{B8107AEF-CF80-4439-AE4B-2429984D23B5}.Release|Any CPU.Build.0 = Release|Any CPU
		{6D462334-CD79-4E57-BD01-CFE7DD035956}.Debug|Any CPU.ActiveCfg = Debug|Any CPU
		{6D462334-CD79-4E57-BD01-CFE7DD035956}.Debug|Any CPU.Build.0 = Debug|Any CPU
		{6D462334-CD79-4E57-BD01-CFE7DD035956}.Release|Any CPU.ActiveCfg = Release|Any CPU
		{6D462334-CD79-4E57-BD01-CFE7DD035956}.Release|Any CPU.Build.0 = Release|Any CPU
		{71DFFACD-9E87-4144-81B5-9D56DDFEF9B1}.Debug|Any CPU.ActiveCfg = Debug|Any CPU
		{71DFFACD-9E87-4144-81B5-9D56DDFEF9B1}.Debug|Any CPU.Build.0 = Debug|Any CPU
		{71DFFACD-9E87-4144-81B5-9D56DDFEF9B1}.Release|Any CPU.ActiveCfg = Release|Any CPU
		{71DFFACD-9E87-4144-81B5-9D56DDFEF9B1}.Release|Any CPU.Build.0 = Release|Any CPU
		{F7FF1474-7E94-406F-B78B-CE4753D1D702}.Debug|Any CPU.ActiveCfg = Debug|Any CPU
		{F7FF1474-7E94-406F-B78B-CE4753D1D702}.Debug|Any CPU.Build.0 = Debug|Any CPU
		{F7FF1474-7E94-406F-B78B-CE4753D1D702}.Release|Any CPU.ActiveCfg = Release|Any CPU
		{F7FF1474-7E94-406F-B78B-CE4753D1D702}.Release|Any CPU.Build.0 = Release|Any CPU
		{DC8C23EA-BF9D-49E8-AB93-FD3360F4B890}.Debug|Any CPU.ActiveCfg = Debug|Any CPU
		{DC8C23EA-BF9D-49E8-AB93-FD3360F4B890}.Debug|Any CPU.Build.0 = Debug|Any CPU
		{DC8C23EA-BF9D-49E8-AB93-FD3360F4B890}.Release|Any CPU.ActiveCfg = Release|Any CPU
		{DC8C23EA-BF9D-49E8-AB93-FD3360F4B890}.Release|Any CPU.Build.0 = Release|Any CPU
		{2359F3DD-EA02-495E-A0BA-A6F80ACDD8DF}.Debug|Any CPU.ActiveCfg = Debug|Any CPU
		{2359F3DD-EA02-495E-A0BA-A6F80ACDD8DF}.Debug|Any CPU.Build.0 = Debug|Any CPU
		{2359F3DD-EA02-495E-A0BA-A6F80ACDD8DF}.Release|Any CPU.ActiveCfg = Release|Any CPU
		{2359F3DD-EA02-495E-A0BA-A6F80ACDD8DF}.Release|Any CPU.Build.0 = Release|Any CPU
		{B8558529-7047-4D1F-9C3B-C0F2B1196012}.Debug|Any CPU.ActiveCfg = Debug|Any CPU
		{B8558529-7047-4D1F-9C3B-C0F2B1196012}.Debug|Any CPU.Build.0 = Debug|Any CPU
		{B8558529-7047-4D1F-9C3B-C0F2B1196012}.Release|Any CPU.ActiveCfg = Release|Any CPU
		{B8558529-7047-4D1F-9C3B-C0F2B1196012}.Release|Any CPU.Build.0 = Release|Any CPU
		{10C156E5-8D9C-4D81-B69E-937F7A360ABE}.Debug|Any CPU.ActiveCfg = Debug|Any CPU
		{10C156E5-8D9C-4D81-B69E-937F7A360ABE}.Debug|Any CPU.Build.0 = Debug|Any CPU
		{10C156E5-8D9C-4D81-B69E-937F7A360ABE}.Release|Any CPU.ActiveCfg = Release|Any CPU
		{10C156E5-8D9C-4D81-B69E-937F7A360ABE}.Release|Any CPU.Build.0 = Release|Any CPU
		{D2144CEE-9172-44BD-A6CA-133083F9DBC8}.Debug|Any CPU.ActiveCfg = Debug|Any CPU
		{D2144CEE-9172-44BD-A6CA-133083F9DBC8}.Debug|Any CPU.Build.0 = Debug|Any CPU
		{D2144CEE-9172-44BD-A6CA-133083F9DBC8}.Release|Any CPU.ActiveCfg = Release|Any CPU
		{D2144CEE-9172-44BD-A6CA-133083F9DBC8}.Release|Any CPU.Build.0 = Release|Any CPU
		{4097A7EA-86AD-4F85-85CD-657DE2C7B220}.Debug|Any CPU.ActiveCfg = Debug|Any CPU
		{4097A7EA-86AD-4F85-85CD-657DE2C7B220}.Debug|Any CPU.Build.0 = Debug|Any CPU
		{4097A7EA-86AD-4F85-85CD-657DE2C7B220}.Release|Any CPU.ActiveCfg = Release|Any CPU
		{4097A7EA-86AD-4F85-85CD-657DE2C7B220}.Release|Any CPU.Build.0 = Release|Any CPU
		{6BF485E2-DEB4-48F9-8E8D-E7EC260CF9BB}.Debug|Any CPU.ActiveCfg = Debug|Any CPU
		{6BF485E2-DEB4-48F9-8E8D-E7EC260CF9BB}.Debug|Any CPU.Build.0 = Debug|Any CPU
		{6BF485E2-DEB4-48F9-8E8D-E7EC260CF9BB}.Release|Any CPU.ActiveCfg = Release|Any CPU
		{6BF485E2-DEB4-48F9-8E8D-E7EC260CF9BB}.Release|Any CPU.Build.0 = Release|Any CPU
		{FBB7B61F-BDFE-4D1A-986D-41A85BA227C4}.Debug|Any CPU.ActiveCfg = Debug|Any CPU
		{FBB7B61F-BDFE-4D1A-986D-41A85BA227C4}.Debug|Any CPU.Build.0 = Debug|Any CPU
		{FBB7B61F-BDFE-4D1A-986D-41A85BA227C4}.Release|Any CPU.ActiveCfg = Release|Any CPU
		{FBB7B61F-BDFE-4D1A-986D-41A85BA227C4}.Release|Any CPU.Build.0 = Release|Any CPU
		{D97444B2-7204-44E5-B94C-917B988B9BD2}.Debug|Any CPU.ActiveCfg = Debug|Any CPU
		{D97444B2-7204-44E5-B94C-917B988B9BD2}.Debug|Any CPU.Build.0 = Debug|Any CPU
		{D97444B2-7204-44E5-B94C-917B988B9BD2}.Release|Any CPU.ActiveCfg = Release|Any CPU
		{D97444B2-7204-44E5-B94C-917B988B9BD2}.Release|Any CPU.Build.0 = Release|Any CPU
		{4DC29D24-0CF5-4882-87B4-B64E9DC70326}.Debug|Any CPU.ActiveCfg = Debug|Any CPU
		{4DC29D24-0CF5-4882-87B4-B64E9DC70326}.Debug|Any CPU.Build.0 = Debug|Any CPU
		{4DC29D24-0CF5-4882-87B4-B64E9DC70326}.Release|Any CPU.ActiveCfg = Release|Any CPU
		{4DC29D24-0CF5-4882-87B4-B64E9DC70326}.Release|Any CPU.Build.0 = Release|Any CPU
		{1370F2D6-49B9-4E33-AC69-22DF535A9B45}.Debug|Any CPU.ActiveCfg = Debug|Any CPU
		{1370F2D6-49B9-4E33-AC69-22DF535A9B45}.Debug|Any CPU.Build.0 = Debug|Any CPU
		{1370F2D6-49B9-4E33-AC69-22DF535A9B45}.Release|Any CPU.ActiveCfg = Release|Any CPU
		{1370F2D6-49B9-4E33-AC69-22DF535A9B45}.Release|Any CPU.Build.0 = Release|Any CPU
		{8E287BF3-614E-4278-A26B-854D4B7BECD3}.Debug|Any CPU.ActiveCfg = Debug|Any CPU
		{8E287BF3-614E-4278-A26B-854D4B7BECD3}.Debug|Any CPU.Build.0 = Debug|Any CPU
		{8E287BF3-614E-4278-A26B-854D4B7BECD3}.Release|Any CPU.ActiveCfg = Release|Any CPU
		{8E287BF3-614E-4278-A26B-854D4B7BECD3}.Release|Any CPU.Build.0 = Release|Any CPU
		{2F4414F4-76A8-40F9-9EFD-F94245AE48B6}.Debug|Any CPU.ActiveCfg = Debug|Any CPU
		{2F4414F4-76A8-40F9-9EFD-F94245AE48B6}.Debug|Any CPU.Build.0 = Debug|Any CPU
		{2F4414F4-76A8-40F9-9EFD-F94245AE48B6}.Release|Any CPU.ActiveCfg = Release|Any CPU
		{2F4414F4-76A8-40F9-9EFD-F94245AE48B6}.Release|Any CPU.Build.0 = Release|Any CPU
	EndGlobalSection
	GlobalSection(SolutionProperties) = preSolution
		HideSolutionNode = FALSE
	EndGlobalSection
	GlobalSection(NestedProjects) = preSolution
		{9733053D-B8CF-46E0-AE4E-5019E455EB97} = {02EA681E-C7D8-13C7-8484-4AC65E1B71E8}
		{5064EB51-1D01-4EDC-999F-548F94BBC3C5} = {02EA681E-C7D8-13C7-8484-4AC65E1B71E8}
		{01D264CD-A66D-47FC-8A71-D673856D72BD} = {02EA681E-C7D8-13C7-8484-4AC65E1B71E8}
		{8A6BAB4D-2485-4A2D-A345-DE51BA5DEF00} = {B34D554F-C0E0-4073-9E57-AE97C152DE0F}
		{C7EE0908-E3E7-4E09-A8BA-8A497E107FF3} = {B34D554F-C0E0-4073-9E57-AE97C152DE0F}
		{8B2B21F2-9873-4620-8E56-7B314F887C88} = {B34D554F-C0E0-4073-9E57-AE97C152DE0F}
		{25A0DD04-4372-4A3D-BEBF-2A220917EECE} = {D58C74FD-D662-4A55-AD28-8BE4DF3F8828}
		{B8107AEF-CF80-4439-AE4B-2429984D23B5} = {D58C74FD-D662-4A55-AD28-8BE4DF3F8828}
		{6D462334-CD79-4E57-BD01-CFE7DD035956} = {D58C74FD-D662-4A55-AD28-8BE4DF3F8828}
		{71DFFACD-9E87-4144-81B5-9D56DDFEF9B1} = {EA4ED80A-9D56-4821-9605-7C1C947D3D2D}
		{F7FF1474-7E94-406F-B78B-CE4753D1D702} = {EA4ED80A-9D56-4821-9605-7C1C947D3D2D}
		{DC8C23EA-BF9D-49E8-AB93-FD3360F4B890} = {EA4ED80A-9D56-4821-9605-7C1C947D3D2D}
		{2359F3DD-EA02-495E-A0BA-A6F80ACDD8DF} = {DE5E38DD-E420-4166-AAD8-B9222DB5B0E5}
		{B8558529-7047-4D1F-9C3B-C0F2B1196012} = {DE5E38DD-E420-4166-AAD8-B9222DB5B0E5}
		{10C156E5-8D9C-4D81-B69E-937F7A360ABE} = {DE5E38DD-E420-4166-AAD8-B9222DB5B0E5}
		{D2144CEE-9172-44BD-A6CA-133083F9DBC8} = {F10B2B55-AD57-4F75-883E-F89EDD993CE0}
		{4097A7EA-86AD-4F85-85CD-657DE2C7B220} = {F10B2B55-AD57-4F75-883E-F89EDD993CE0}
		{6BF485E2-DEB4-48F9-8E8D-E7EC260CF9BB} = {F10B2B55-AD57-4F75-883E-F89EDD993CE0}
		{FBB7B61F-BDFE-4D1A-986D-41A85BA227C4} = {B25985A9-6299-43AC-B28E-5C793B1895B9}
		{D97444B2-7204-44E5-B94C-917B988B9BD2} = {B25985A9-6299-43AC-B28E-5C793B1895B9}
		{4DC29D24-0CF5-4882-87B4-B64E9DC70326} = {B25985A9-6299-43AC-B28E-5C793B1895B9}
		{1370F2D6-49B9-4E33-AC69-22DF535A9B45} = {237155B4-74AC-4057-BE6C-C2152DC98EC8}
		{8E287BF3-614E-4278-A26B-854D4B7BECD3} = {237155B4-74AC-4057-BE6C-C2152DC98EC8}
		{2F4414F4-76A8-40F9-9EFD-F94245AE48B6} = {237155B4-74AC-4057-BE6C-C2152DC98EC8}
	EndGlobalSection
	GlobalSection(ExtensibilityGlobals) = postSolution
		SolutionGuid = {AD72F021-9656-40CA-953C-9141297D16D1}
	EndGlobalSection
EndGlobal
