
Microsoft Visual Studio Solution File, Format Version 12.00
# Visual Studio Version 17
VisualStudioVersion = 17.14.36518.9
MinimumVisualStudioVersion = 10.0.40219.1
Project("{2150E333-8FDC-42A3-9474-1A3956D46DE8}") = "Task0", "Task0", "{02EA681E-C7D8-13C7-8484-4AC65E1B71E8}"
EndProject
Project("{FAE04EC0-301F-11D3-BF4B-00C04F79EFBC}") = "Tyuiu.BatTI.Sprint3.Task0.V12", "Tyuiu.BatTI.Sprint3.Task0.V12\Tyuiu.BatTI.Sprint3.Task0.V12.csproj", "{9733053D-B8CF-46E0-AE4E-5019E455EB97}"
EndProject
Project("{FAE04EC0-301F-11D3-BF4B-00C04F79EFBC}") = "Tyuiu.BatTI.Sprint3.Task0.V12.Lib", "Tyuiu.BatTI.Sprint3.Task0.V12.Lib\Tyuiu.BatTI.Sprint3.Task0.V12.Lib.csproj", "{5064EB51-1D01-4EDC-999F-548F94BBC3C5}"
EndProject
Project("{FAE04EC0-301F-11D3-BF4B-00C04F79EFBC}") = "Tyuiu.BatTI.Sprint3.Task0.V12.Test", "Tyuiu.BatTI.Sprint3.Task0.V12.Test\Tyuiu.BatTI.Sprint3.Task0.V12.Test.csproj", "{01D264CD-A66D-47FC-8A71-D673856D72BD}"
EndProject
Project("{2150E333-8FDC-42A3-9474-1A3956D46DE8}") = "Task1", "Task1", "{B34D554F-C0E0-4073-9E57-AE97C152DE0F}"
EndProject
Project("{FAE04EC0-301F-11D3-BF4B-00C04F79EFBC}") = "Tyuiu.BatTI.Sprint3.Task1.V29", "Tyuiu.BatTI.Sprint3.Task1.V29\Tyuiu.BatTI.Sprint3.Task1.V29.csproj", "{8A6BAB4D-2485-4A2D-A345-DE51BA5DEF00}"
EndProject
Project("{FAE04EC0-301F-11D3-BF4B-00C04F79EFBC}") = "Tyuiu.BatTI.Sprint3.Task1.V29.Lib", "Tyuiu.BatTI.Sprint3.Task1.V29.Lib\Tyuiu.BatTI.Sprint3.Task1.V29.Lib.csproj", "{C7EE0908-E3E7-4E09-A8BA-8A497E107FF3}"
EndProject
Project("{FAE04EC0-301F-11D3-BF4B-00C04F79EFBC}") = "Tyuiu.BatTI.Sprint3.Task1.V29.Test", "Tyuiu.BatTI.Sprint3.Task1.V29.Test\Tyuiu.BatTI.Sprint3.Task1.V29.Test.csproj", "{8B2B21F2-9873-4620-8E56-7B314F887C88}"
EndProject
Project("{2150E333-8FDC-42A3-9474-1A3956D46DE8}") = "Task2", "Task2", "{D58C74FD-D662-4A55-AD28-8BE4DF3F8828}"
EndProject
Project("{FAE04EC0-301F-11D3-BF4B-00C04F79EFBC}") = "Tyuiu.BatTI.Sprint3.Task2.V23", "Tyuiu.BatTI.Sprint3.Task2.V23\Tyuiu.BatTI.Sprint3.Task2.V23.csproj", "{25A0DD04-4372-4A3D-BEBF-2A220917EECE}"
EndProject
Project("{FAE04EC0-301F-11D3-BF4B-00C04F79EFBC}") = "Tyuiu.BatTI.Sprint3.Task2.V23.Lib", "Tyuiu.BatTI.Sprint3.Task2.V23.Lib\Tyuiu.BatTI.Sprint3.Task2.V23.Lib.csproj", "{B8107AEF-CF80-4439-AE4B-2429984D23B5}"
EndProject
Project("{FAE04EC0-301F-11D3-BF4B-00C04F79EFBC}") = "Tyuiu.BatTI.Sprint3.Task2.V23.Test", "Tyuiu.BatTI.Sprint3.Task2.V23.Test\Tyuiu.BatTI.Sprint3.Task2.V23.Test.csproj", "{6D462334-CD79-4E57-BD01-CFE7DD035956}"
EndProject
Project("{2150E333-8FDC-42A3-9474-1A3956D46DE8}") = "Task3", "Task3", "{EA4ED80A-9D56-4821-9605-7C1C947D3D2D}"
EndProject
Project("{FAE04EC0-301F-11D3-BF4B-00C04F79EFBC}") = "Tyuiu.BatTI.Sprint3.Task3.V30", "Tyuiu.BatTI.Sprint3.Task3.V30\Tyuiu.BatTI.Sprint3.Task3.V30.csproj", "{71DFFACD-9E87-4144-81B5-9D56DDFEF9B1}"
EndProject
Project("{FAE04EC0-301F-11D3-BF4B-00C04F79EFBC}") = "Tyuiu.BatTI.Sprint3.Task3.V30.Lib", "Tyuiu.BatTI.Sprint3.Task3.V30.Lib\Tyuiu.BatTI.Sprint3.Task3.V30.Lib.csproj", "{F7FF1474-7E94-406F-B78B-CE4753D1D702}"
EndProject
Project("{FAE04EC0-301F-11D3-BF4B-00C04F79EFBC}") = "Tyuiu.BatTI.Sprint3.Task3.V30.Test", "Tyuiu.BatTI.Sprint3.Task3.V30.Test\Tyuiu.BatTI.Sprint3.Task3.V30.Test.csproj", "{DC8C23EA-BF9D-49E8-AB93-FD3360F4B890}"
EndProject
Project("{2150E333-8FDC-42A3-9474-1A3956D46DE8}") = "Task4", "Task4", "{DE5E38DD-E420-4166-AAD8-B9222DB5B0E5}"
EndProject
Project("{FAE04EC0-301F-11D3-BF4B-00C04F79EFBC}") = "Tyuiu.BatTI.Sprint3.Task4.V19", "Tyuiu.BatTI.Sprint3.Task4.V19\Tyuiu.BatTI.Sprint3.Task4.V19.csproj", "{2359F3DD-EA02-495E-A0BA-A6F80ACDD8DF}"
EndProject
Project("{FAE04EC0-301F-11D3-BF4B-00C04F79EFBC}") = "Tyuiu.BatTI.Sprint3.Task4.V19.Lib", "Tyuiu.BatTI.Sprint3.Task4.V19.Lib\Tyuiu.BatTI.Sprint3.Task4.V19.Lib.csproj", "{B8558529-7047-4D1F-9C3B-C0F2B1196012}"
EndProject
Project("{FAE04EC0-301F-11D3-BF4B-00C04F79EFBC}") = "Tyuiu.BatTI.Sprint3.Task4.V19.Test", "Tyuiu.BatTI.Sprint3.Task4.V19.Test\Tyuiu.BatTI.Sprint3.Task4.V19.Test.csproj", "{10C156E5-8D9C-4D81-B69E-937F7A360ABE}"
EndProject
Global
	GlobalSection(SolutionConfigurationPlatforms) = preSolution
		Debug|Any CPU = Debug|Any CPU
		Release|Any CPU = Release|Any CPU
	EndGlobalSection
	GlobalSection(ProjectConfigurationPlatforms) = postSolution
		{9733053D-B8CF-46E0-AE4E-5019E455EB97}.Debug|Any CPU.ActiveCfg = Debug|Any CPU
		{9733053D-B8CF-46E0-AE4E-5019E455EB97}.Debug|Any CPU.Build.0 = Debug|Any CPU
		{9733053D-B8CF-46E0-AE4E-5019E455EB97}.Release|Any CPU.ActiveCfg = Release|Any CPU
		{9733053D-B8CF-46E0-AE4E-5019E455EB97}.Release|Any CPU.Build.0 = Release|Any CPU
		{5064EB51-1D01-4EDC-999F-548F94BBC3C5}.Debug|Any CPU.ActiveCfg = Debug|Any CPU
		{5064EB51-1D01-4EDC-999F-548F94BBC3C5}.Debug|Any CPU.Build.0 = Debug|Any CPU
		{5064EB51-1D01-4EDC-999F-548F94BBC3C5}.Release|Any CPU.ActiveCfg = Release|Any CPU
		{5064EB51-1D01-4EDC-999F-548F94BBC3C5}.Release|Any CPU.Build.0 = Release|Any CPU
		{01D264CD-A66D-47FC-8A71-D673856D72BD}.Debug|Any CPU.ActiveCfg = Debug|Any CPU
		{01D264CD-A66D-47FC-8A71-D673856D72BD}.Debug|Any CPU.Build.0 = Debug|Any CPU
		{01D264CD-A66D-47FC-8A71-D673856D72BD}.Release|Any CPU.ActiveCfg = Release|Any CPU
		{01D264CD-A66D-47FC-8A71-D673856D72BD}.Release|Any CPU.Build.0 = Release|Any CPU
		{8A6BAB4D-2485-4A2D-A345-DE51BA5DEF00}.Debug|Any CPU.ActiveCfg = Debug|Any CPU
		{8A6BAB4D-2485-4A2D-A345-DE51BA5DEF00}.Debug|Any CPU.Build.0 = Debug|Any CPU
		{8A6BAB4D-2485-4A2D-A345-DE51BA5DEF00}.Release|Any CPU.ActiveCfg = Release|Any CPU
		{8A6BAB4D-2485-4A2D-A345-DE51BA5DEF00}.Release|Any CPU.Build.0 = Release|Any CPU
		{C7EE0908-E3E7-4E09-A8BA-8A497E107FF3}.Debug|Any CPU.ActiveCfg = Debug|Any CPU
		{C7EE0908-E3E7-4E09-A8BA-8A497E107FF3}.Debug|Any CPU.Build.0 = Debug|Any CPU
		{C7EE0908-E3E7-4E09-A8BA-8A497E107FF3}.Release|Any CPU.ActiveCfg = Release|Any CPU
		{C7EE0908-E3E7-4E09-A8BA-8A497E107FF3}.Release|Any CPU.Build.0 = Release|Any CPU
		{8B2B21F2-9873-4620-8E56-7B314F887C88}.Debug|Any CPU.ActiveCfg = Debug|Any CPU
		{8B2B21F2-9873-4620-8E56-7B314F887C88}.Debug|Any CPU.Build.0 = Debug|Any CPU
		{8B2B21F2-9873-4620-8E56-7B314F887C88}.Release|Any CPU.ActiveCfg = Release|Any CPU
		{8B2B21F2-9873-4620-8E56-7B314F887C88}.Release|Any CPU.Build.0 = Release|Any CPU
		{25A0DD04-4372-4A3D-BEBF-2A220917EECE}.Debug|Any CPU.ActiveCfg = Debug|Any CPU
		{25A0DD04-4372-4A3D-BEBF-2A220917EECE}.Debug|Any CPU.Build.0 = Debug|Any CPU
		{25A0DD04-4372-4A3D-BEBF-2A220917EECE}.Release|Any CPU.ActiveCfg = Release|Any CPU
		{25A0DD04-4372-4A3D-BEBF-2A220917EECE}.Release|Any CPU.Build.0 = Release|Any CPU
		{B8107AEF-CF80-4439-AE4B-2429984D23B5}.Debug|Any CPU.ActiveCfg = Debug|Any CPU
		{B8107AEF-CF80-4439-AE4B-2429984D23B5}.Debug|Any CPU.Build.0 = Debug|Any CPU
		{B8107AEF-CF80-4439-AE4B-2429984D23B5}.Release|Any CPU.ActiveCfg = Release|Any CPU
		{B8107AEF-CF80-4439-AE4B-2429984D23B5}.Release|Any CPU.Build.0 = Release|Any CPU
		{6D462334-CD79-4E57-BD01-CFE7DD035956}.Debug|Any CPU.ActiveCfg = Debug|Any CPU
		{6D462334-CD79-4E57-BD01-CFE7DD035956}.Debug|Any CPU.Build.0 = Debug|Any CPU
		{6D462334-CD79-4E57-BD01-CFE7DD035956}.Release|Any CPU.ActiveCfg = Release|Any CPU
		{6D462334-CD79-4E57-BD01-CFE7DD035956}.Release|Any CPU.Build.0 = Release|Any CPU
		{71DFFACD-9E87-4144-81B5-9D56DDFEF9B1}.Debug|Any CPU.ActiveCfg = Debug|Any CPU
		{71DFFACD-9E87-4144-81B5-9D56DDFEF9B1}.Debug|Any CPU.Build.0 = Debug|Any CPU
		{71DFFACD-9E87-4144-81B5-9D56DDFEF9B1}.Release|Any CPU.ActiveCfg = Release|Any CPU
		{71DFFACD-9E87-4144-81B5-9D56DDFEF9B1}.Release|Any CPU.Build.0 = Release|Any CPU
		{F7FF1474-7E94-406F-B78B-CE4753D1D702}.Debug|Any CPU.ActiveCfg = Debug|Any CPU
		{F7FF1474-7E94-406F-B78B-CE4753D1D702}.Debug|Any CPU.Build.0 = Debug|Any CPU
		{F7FF1474-7E94-406F-B78B-CE4753D1D702}.Release|Any CPU.ActiveCfg = Release|Any CPU
		{F7FF1474-7E94-406F-B78B-CE4753D1D702}.Release|Any CPU.Build.0 = Release|Any CPU
		{DC8C23EA-BF9D-49E8-AB93-FD3360F4B890}.Debug|Any CPU.ActiveCfg = Debug|Any CPU
		{DC8C23EA-BF9D-49E8-AB93-FD3360F4B890}.Debug|Any CPU.Build.0 = Debug|Any CPU
		{DC8C23EA-BF9D-49E8-AB93-FD3360F4B890}.Release|Any CPU.ActiveCfg = Release|Any CPU
		{DC8C23EA-BF9D-49E8-AB93-FD3360F4B890}.Release|Any CPU.Build.0 = Release|Any CPU
		{2359F3DD-EA02-495E-A0BA-A6F80ACDD8DF}.Debug|Any CPU.ActiveCfg = Debug|Any CPU
		{2359F3DD-EA02-495E-A0BA-A6F80ACDD8DF}.Debug|Any CPU.Build.0 = Debug|Any CPU
		{2359F3DD-EA02-495E-A0BA-A6F80ACDD8DF}.Release|Any CPU.ActiveCfg = Release|Any CPU
		{2359F3DD-EA02-495E-A0BA-A6F80ACDD8DF}.Release|Any CPU.Build.0 = Release|Any CPU
		{B8558529-7047-4D1F-9C3B-C0F2B1196012}.Debug|Any CPU.ActiveCfg = Debug|Any CPU
		{B8558529-7047-4D1F-9C3B-C0F2B1196012}.Debug|Any CPU.Build.0 = Debug|Any CPU
		{B8558529-7047-4D1F-9C3B-C0F2B1196012}.Release|Any CPU.ActiveCfg = Release|Any CPU
		{B8558529-7047-4D1F-9C3B-C0F2B1196012}.Release|Any CPU.Build.0 = Release|Any CPU
		{10C156E5-8D9C-4D81-B69E-937F7A360ABE}.Debug|Any CPU.ActiveCfg = Debug|Any CPU
		{10C156E5-8D9C-4D81-B69E-937F7A360ABE}.Debug|Any CPU.Build.0 = Debug|Any CPU
		{10C156E5-8D9C-4D81-B69E-937F7A360ABE}.Release|Any CPU.ActiveCfg = Release|Any CPU
		{10C156E5-8D9C-4D81-B69E-937F7A360ABE}.Release|Any CPU.Build.0 = Release|Any CPU
	EndGlobalSection
	GlobalSection(SolutionProperties) = preSolution
		HideSolutionNode = FALSE
	EndGlobalSection
	GlobalSection(NestedProjects) = preSolution
		{9733053D-B8CF-46E0-AE4E-5019E455EB97} = {02EA681E-C7D8-13C7-8484-4AC65E1B71E8}
		{5064EB51-1D01-4EDC-999F-548F94BBC3C5} = {02EA681E-C7D8-13C7-8484-4AC65E1B71E8}
		{01D264CD-A66D-47FC-8A71-D673856D72BD} = {02EA681E-C7D8-13C7-8484-4AC65E1B71E8}
		{8A6BAB4D-2485-4A2D-A345-DE51BA5DEF00} = {B34D554F-C0E0-4073-9E57-AE97C152DE0F}
		{C7EE0908-E3E7-4E09-A8BA-8A497E107FF3} = {B34D554F-C0E0-4073-9E57-AE97C152DE0F}
		{8B2B21F2-9873-4620-8E56-7B314F887C88} = {B34D554F-C0E0-4073-9E57-AE97C152DE0F}
		{25A0DD04-4372-4A3D-BEBF-2A220917EECE} = {D58C74FD-D662-4A55-AD28-8BE4DF3F8828}
		{B8107AEF-CF80-4439-AE4B-2429984D23B5} = {D58C74FD-D662-4A55-AD28-8BE4DF3F8828}
		{6D462334-CD79-4E57-BD01-CFE7DD035956} = {D58C74FD-D662-4A55-AD28-8BE4DF3F8828}
		{71DFFACD-9E87-4144-81B5-9D56DDFEF9B1} = {EA4ED80A-9D56-4821-9605-7C1C947D3D2D}
		{F7FF1474-7E94-406F-B78B-CE4753D1D702} = {EA4ED80A-9D56-4821-9605-7C1C947D3D2D}
		{DC8C23EA-BF9D-49E8-AB93-FD3360F4B890} = {EA4ED80A-9D56-4821-9605-7C1C947D3D2D}
		{2359F3DD-EA02-495E-A0BA-A6F80ACDD8DF} = {DE5E38DD-E420-4166-AAD8-B9222DB5B0E5}
		{B8558529-7047-4D1F-9C3B-C0F2B1196012} = {DE5E38DD-E420-4166-AAD8-B9222DB5B0E5}
		{10C156E5-8D9C-4D81-B69E-937F7A360ABE} = {DE5E38DD-E420-4166-AAD8-B9222DB5B0E5}
	EndGlobalSection
	GlobalSection(ExtensibilityGlobals) = postSolution
		SolutionGuid = {AD72F021-9656-40CA-953C-9141297D16D1}
	EndGlobalSection
EndGlobal
